
Microsoft Visual Studio Solution File, Format Version 12.00
# Visual Studio Version 17
VisualStudioVersion = 17.4.33213.308
MinimumVisualStudioVersion = 10.0.40219.1
Project("{FAE04EC0-301F-11D3-BF4B-00C04F79EFBC}") = "examenM5", "examenM5\examenM5.csproj", "{95B7C409-6ADD-4A9F-893B-395D48DA3138}"
EndProject
Global
	GlobalSection(SolutionConfigurationPlatforms) = preSolution
		Debug|Any CPU = Debug|Any CPU
		Release|Any CPU = Release|Any CPU
	EndGlobalSection
	GlobalSection(ProjectConfigurationPlatforms) = postSolution
		{95B7C409-6ADD-4A9F-893B-395D48DA3138}.Debug|Any CPU.ActiveCfg = Debug|Any CPU
		{95B7C409-6ADD-4A9F-893B-395D48DA3138}.Debug|Any CPU.Build.0 = Debug|Any CPU
		{95B7C409-6ADD-4A9F-893B-395D48DA3138}.Release|Any CPU.ActiveCfg = Release|Any CPU
		{95B7C409-6ADD-4A9F-893B-395D48DA3138}.Release|Any CPU.Build.0 = Release|Any CPU
	EndGlobalSection
	GlobalSection(SolutionProperties) = preSolution
		HideSolutionNode = FALSE
	EndGlobalSection
	GlobalSection(ExtensibilityGlobals) = postSolution
		SolutionGuid = {789F27D2-4703-4F57-9407-5A5B7F9A7FD6}
	EndGlobalSection
EndGlobal
